
Microsoft Visual Studio Solution File, Format Version 12.00
# Visual Studio 15
VisualStudioVersion = 15.0.27130.2010
MinimumVisualStudioVersion = 10.0.40219.1
Project("{9A19103F-16F7-4668-BE54-9A1E7A4F7556}") = "SpeedServer.Core", "Speed_Server\SpeedServer.Core.csproj", "{12BBE2E4-7022-489B-A38F-D9971D485678}"
EndProject
Project("{9A19103F-16F7-4668-BE54-9A1E7A4F7556}") = "SpeedServer.Models", "SpeedServer.Models\SpeedServer.Models.csproj", "{A82CC5DA-FF2B-4B48-876B-B8B57B935CE2}"
EndProject
Global
	GlobalSection(SolutionConfigurationPlatforms) = preSolution
		Debug|Any CPU = Debug|Any CPU
		Release|Any CPU = Release|Any CPU
	EndGlobalSection
	GlobalSection(ProjectConfigurationPlatforms) = postSolution
		{12BBE2E4-7022-489B-A38F-D9971D485678}.Debug|Any CPU.ActiveCfg = Debug|Any CPU
		{12BBE2E4-7022-489B-A38F-D9971D485678}.Debug|Any CPU.Build.0 = Debug|Any CPU
		{12BBE2E4-7022-489B-A38F-D9971D485678}.Release|Any CPU.ActiveCfg = Release|Any CPU
		{12BBE2E4-7022-489B-A38F-D9971D485678}.Release|Any CPU.Build.0 = Release|Any CPU
		{A82CC5DA-FF2B-4B48-876B-B8B57B935CE2}.Debug|Any CPU.ActiveCfg = Debug|Any CPU
		{A82CC5DA-FF2B-4B48-876B-B8B57B935CE2}.Debug|Any CPU.Build.0 = Debug|Any CPU
		{A82CC5DA-FF2B-4B48-876B-B8B57B935CE2}.Release|Any CPU.ActiveCfg = Release|Any CPU
		{A82CC5DA-FF2B-4B48-876B-B8B57B935CE2}.Release|Any CPU.Build.0 = Release|Any CPU
	EndGlobalSection
	GlobalSection(SolutionProperties) = preSolution
		HideSolutionNode = FALSE
	EndGlobalSection
	GlobalSection(ExtensibilityGlobals) = postSolution
		SolutionGuid = {585D91E7-CAE8-4A34-AB79-4BB44C90EBC7}
	EndGlobalSection
EndGlobal
